{
  "name": "chess-analysis",
  "version": "1.0.0",
  "lockfileVersion": 3,
  "requires": true,
  "packages": {
    "": {
      "name": "chess-analysis",
      "version": "1.0.0",
      "dependencies": {
        "stockfish": "^18.0.7"
      }
    },
    "node_modules/stockfish": {
      "version": "18.0.7",
      "resolved": "https://registry.npmjs.org/stockfish/-/stockfish-18.0.7.tgz",
      "integrity": "sha512-tJ+bfMAHs4fV7QYiLcHUicx1RzKOQwj8twx/z0iUTauMG+SE3l1rEtRSg+WER81ke3bc5tqKBWEWntUbydkgZg==",
      "hasInstallScript": true,
      "bin": {
        "stockfish": "scripts/cli.js"
      }
    }
  }
}
